
Microsoft Visual Studio Solution File, Format Version 12.00
# Visual Studio 2012
Project("{D954291E-2A0B-460D-934E-DC6B0785DB48}") = "ContentPageLearning", "ContentPageLearning\ContentPageLearning.shproj", "{F22BD32F-0430-4B7F-960E-A4F7F16277D4}"
EndProject
Project("{FAE04EC0-301F-11D3-BF4B-00C04F79EFBC}") = "ContentPageLearning.iOS", "iOS\ContentPageLearning.iOS.csproj", "{366C3CF3-6EBF-4C60-BDE3-AF542E7E79DD}"
EndProject
Project("{FAE04EC0-301F-11D3-BF4B-00C04F79EFBC}") = "ContentPageLearning.Droid", "Droid\ContentPageLearning.Droid.csproj", "{02401386-4C01-4D00-9C43-B2D72BCA0D12}"
EndProject
Global
	GlobalSection(SolutionConfigurationPlatforms) = preSolution
		Debug|iPhoneSimulator = Debug|iPhoneSimulator
		Release|iPhone = Release|iPhone
		Release|iPhoneSimulator = Release|iPhoneSimulator
		Debug|iPhone = Debug|iPhone
		Debug|Any CPU = Debug|Any CPU
		Release|Any CPU = Release|Any CPU
	EndGlobalSection
	GlobalSection(ProjectConfigurationPlatforms) = postSolution
		{366C3CF3-6EBF-4C60-BDE3-AF542E7E79DD}.Debug|iPhoneSimulator.ActiveCfg = Debug|iPhoneSimulator
		{366C3CF3-6EBF-4C60-BDE3-AF542E7E79DD}.Debug|iPhoneSimulator.Build.0 = Debug|iPhoneSimulator
		{366C3CF3-6EBF-4C60-BDE3-AF542E7E79DD}.Release|iPhone.ActiveCfg = Release|iPhone
		{366C3CF3-6EBF-4C60-BDE3-AF542E7E79DD}.Release|iPhone.Build.0 = Release|iPhone
		{366C3CF3-6EBF-4C60-BDE3-AF542E7E79DD}.Release|iPhoneSimulator.ActiveCfg = Release|iPhoneSimulator
		{366C3CF3-6EBF-4C60-BDE3-AF542E7E79DD}.Release|iPhoneSimulator.Build.0 = Release|iPhoneSimulator
		{366C3CF3-6EBF-4C60-BDE3-AF542E7E79DD}.Debug|iPhone.ActiveCfg = Debug|iPhone
		{366C3CF3-6EBF-4C60-BDE3-AF542E7E79DD}.Debug|iPhone.Build.0 = Debug|iPhone
		{366C3CF3-6EBF-4C60-BDE3-AF542E7E79DD}.Debug|Any CPU.ActiveCfg = Debug|iPhoneSimulator
		{366C3CF3-6EBF-4C60-BDE3-AF542E7E79DD}.Debug|Any CPU.Build.0 = Debug|iPhoneSimulator
		{366C3CF3-6EBF-4C60-BDE3-AF542E7E79DD}.Release|Any CPU.ActiveCfg = Release|iPhone
		{366C3CF3-6EBF-4C60-BDE3-AF542E7E79DD}.Release|Any CPU.Build.0 = Release|iPhone
		{02401386-4C01-4D00-9C43-B2D72BCA0D12}.Debug|iPhoneSimulator.ActiveCfg = Debug|Any CPU
		{02401386-4C01-4D00-9C43-B2D72BCA0D12}.Debug|iPhoneSimulator.Build.0 = Debug|Any CPU
		{02401386-4C01-4D00-9C43-B2D72BCA0D12}.Release|iPhone.ActiveCfg = Release|Any CPU
		{02401386-4C01-4D00-9C43-B2D72BCA0D12}.Release|iPhone.Build.0 = Release|Any CPU
		{02401386-4C01-4D00-9C43-B2D72BCA0D12}.Release|iPhoneSimulator.ActiveCfg = Release|Any CPU
		{02401386-4C01-4D00-9C43-B2D72BCA0D12}.Release|iPhoneSimulator.Build.0 = Release|Any CPU
		{02401386-4C01-4D00-9C43-B2D72BCA0D12}.Debug|iPhone.ActiveCfg = Debug|Any CPU
		{02401386-4C01-4D00-9C43-B2D72BCA0D12}.Debug|iPhone.Build.0 = Debug|Any CPU
		{02401386-4C01-4D00-9C43-B2D72BCA0D12}.Debug|Any CPU.ActiveCfg = Debug|Any CPU
		{02401386-4C01-4D00-9C43-B2D72BCA0D12}.Debug|Any CPU.Build.0 = Debug|Any CPU
		{02401386-4C01-4D00-9C43-B2D72BCA0D12}.Release|Any CPU.ActiveCfg = Release|Any CPU
		{02401386-4C01-4D00-9C43-B2D72BCA0D12}.Release|Any CPU.Build.0 = Release|Any CPU
	EndGlobalSection
EndGlobal
